hash: 73e5a30eb7b6f4d6ead5fcf95b83c7534032b11a75b2b452fd20dc854f46c375
updated: 2018-06-28T18:31:20.527691+07:00
imports:
- name: bitbucket.org/snapmartinc/logger
  version: 70e1fed015872c50d2b1cc6db7717e81d2a6c95c
- name: bitbucket.org/snapmartinc/rmq
  version: 8288c6798f3ac80ff7f873f515498114421109ea
- name: bitbucket.org/snapmartinc/trace
  version: 0291aa47f02f6d5f4045becdb4b34cb6bf9ed821
- name: bitbucket.org/snapmartinc/user-service-client
  version: 5a6f104cf9696bce169dd34c3862d4e87312ad24
- name: github.com/adjust/gocheck
  version: fbc315b36e0e7dc95023e96b43af5d8de58bc6fb
- name: github.com/adjust/uniuri
  version: 498743145e60c272b71d377c4e456335e4ef7524
- name: github.com/codahale/hdrhistogram
  version: 3a0bb77429bd3a61596f5e8a3172445844342120
- name: github.com/go-redis/redis
  version: 1614e579ed966441b8e0c3ccea1dd0fbbd93a6ae
- name: github.com/kelseyhightower/envconfig
  version: f611eb38b3875cc3bd991ca91c51d06446afa14c
- name: github.com/mailru/easyjson
  version: 3fdea8d05856a0c8df22ed4bc71b3219245e4485
- name: github.com/opentracing/opentracing-go
  version: 1949ddbfd147afd4d964a9f00b24eb291e0e7c38
  subpackages:
  - ext
  - log
- name: github.com/gofrs/uuid
  version: 6b08a5c5172ba18946672b49749cde22873dd7c2
- name: github.com/jinzhu/gorm
  version: 6ed508ec6a4ecb3531899a69cbc746ccf65a4166
- name: github.com/jinzhu/inflection
  version: 04140366298a54a039076d798123ffa108fff46c
- name: github.com/lib/pq
  version: 4ded0e9383f75c197b3a2aaa6d590ac52df6fd79
- name: github.com/sirupsen/logrus
  version: c155da19408a8799da419ed3eeb0cb5db0ad5dbc
- name: github.com/uber/jaeger-client-go
  version: b043381d944715b469fd6b37addfd30145ca1758
  subpackages:
  - internal/baggage
  - internal/spanlog
  - internal/throttler
  - log
  - thrift
  - thrift-gen/agent
  - thrift-gen/jaeger
  - thrift-gen/sampling
  - thrift-gen/zipkincore
  - utils
- name: github.com/uber/jaeger-lib
  version: ed3a127ec5fef7ae9ea95b01b542c47fbd999ce5
  subpackages:
  - metrics
- name: golang.org/x/crypto
  version: 1a580b3eff7814fc9b40602fd35256c63b50f491
  subpackages:
  - ssh/terminal
- name: golang.org/x/net
  version: 2491c5de3490fced2f6cff376127c667efeed857
  subpackages:
  - context
- name: golang.org/x/sys
  version: 7c87d13f8e835d2fb3a70a2912c811ed0c1d241b
  subpackages:
  - unix
  - windows
- name: gopkg.in/redis.v5
  version: a16aeec10ff407b1e7be6dd35797ccf5426ef0f0
  subpackages:
  - internal
  - internal/consistenthash
  - internal/hashtag
  - internal/pool
  - internal/proto
testImports: []
